
Microsoft Visual Studio Solution File, Format Version 12.00
# Visual Studio 15
VisualStudioVersion = 15.0.28010.2003
MinimumVisualStudioVersion = 10.0.40219.1
Project("{FAE04EC0-301F-11D3-BF4B-00C04F79EFBC}") = "LabNumber23", "LabNumber23\LabNumber23.csproj", "{F3EFCBE9-0E20-4975-8757-9B34F8185189}"
EndProject
Global
	GlobalSection(SolutionConfigurationPlatforms) = preSolution
		Debug|Any CPU = Debug|Any CPU
		Release|Any CPU = Release|Any CPU
	EndGlobalSection
	GlobalSection(ProjectConfigurationPlatforms) = postSolution
		{F3EFCBE9-0E20-4975-8757-9B34F8185189}.Debug|Any CPU.ActiveCfg = Debug|Any CPU
		{F3EFCBE9-0E20-4975-8757-9B34F8185189}.Debug|Any CPU.Build.0 = Debug|Any CPU
		{F3EFCBE9-0E20-4975-8757-9B34F8185189}.Release|Any CPU.ActiveCfg = Release|Any CPU
		{F3EFCBE9-0E20-4975-8757-9B34F8185189}.Release|Any CPU.Build.0 = Release|Any CPU
	EndGlobalSection
	GlobalSection(SolutionProperties) = preSolution
		HideSolutionNode = FALSE
	EndGlobalSection
	GlobalSection(ExtensibilityGlobals) = postSolution
		SolutionGuid = {6D67B9DB-3163-427D-BF83-F887A7B8491E}
	EndGlobalSection
EndGlobal
